// !$*UTF8*$!
{
	archiveVersion = 1;
	classes = {
	};
	objectVersion = 50;
	objects = {

/* Begin PBXBuildFile section */
		9AC51DCD22FCAD4400D01807 /* AppDelegate.swift in Sources */ = {isa = PBXBuildFile; fileRef = 9AC51DCC22FCAD4400D01807 /* AppDelegate.swift */; };
		9AC51DCF22FCAD4400D01807 /* ViewController.swift in Sources */ = {isa = PBXBuildFile; fileRef = 9AC51DCE22FCAD4400D01807 /* ViewController.swift */; };
		9AC51DD222FCAD4400D01807 /* Main.storyboard in Resources */ = {isa = PBXBuildFile; fileRef = 9AC51DD022FCAD4400D01807 /* Main.storyboard */; };
		9AC51DD422FCAD4600D01807 /* Assets.xcassets in Resources */ = {isa = PBXBuildFile; fileRef = 9AC51DD322FCAD4600D01807 /* Assets.xcassets */; };
		9AC51DD722FCAD4600D01807 /* LaunchScreen.storyboard in Resources */ = {isa = PBXBuildFile; fileRef = 9AC51DD522FCAD4600D01807 /* LaunchScreen.storyboard */; };
		9AC51DE222FCAD4600D01807 /* AppleShortcutsTests.swift in Sources */ = {isa = PBXBuildFile; fileRef = 9AC51DE122FCAD4600D01807 /* AppleShortcutsTests.swift */; };
		9AC51DED22FCAD9D00D01807 /* MainCollectionViewCell.swift in Sources */ = {isa = PBXBuildFile; fileRef = 9AC51DEC22FCAD9D00D01807 /* MainCollectionViewCell.swift */; };
		9AC51DEF22FCADB500D01807 /* UIColor+Extensions.swift in Sources */ = {isa = PBXBuildFile; fileRef = 9AC51DEE22FCADB500D01807 /* UIColor+Extensions.swift */; };
		9AC51DF122FCADE800D01807 /* UIView+Extension.swift in Sources */ = {isa = PBXBuildFile; fileRef = 9AC51DF022FCADE800D01807 /* UIView+Extension.swift */; };
/* End PBXBuildFile section */

/* Begin PBXContainerItemProxy section */
		9AC51DDE22FCAD4600D01807 /* PBXContainerItemProxy */ = {
			isa = PBXContainerItemProxy;
			containerPortal = 9AC51DC122FCAD4400D01807 /* Project object */;
			proxyType = 1;
			remoteGlobalIDString = 9AC51DC822FCAD4400D01807;
			remoteInfo = AppleShortcuts;
		};
/* End PBXContainerItemProxy section */

/* Begin PBXFileReference section */
		9AC51DC922FCAD4400D01807 /* AppleShortcuts.app */ = {isa = PBXFileReference; explicitFileType = wrapper.application; includeInIndex = 0; path = AppleShortcuts.app; sourceTree = BUILT_PRODUCTS_DIR; };
		9AC51DCC22FCAD4400D01807 /* AppDelegate.swift */ = {isa = PBXFileReference; lastKnownFileType = sourcecode.swift; path = AppDelegate.swift; sourceTree = "<group>"; };
		9AC51DCE22FCAD4400D01807 /* ViewController.swift */ = {isa = PBXFileReference; lastKnownFileType = sourcecode.swift; path = ViewController.swift; sourceTree = "<group>"; };
		9AC51DD122FCAD4400D01807 /* Base */ = {isa = PBXFileReference; lastKnownFileType = file.storyboard; name = Base; path = Base.lproj/Main.storyboard; sourceTree = "<group>"; };
		9AC51DD322FCAD4600D01807 /* Assets.xcassets */ = {isa = PBXFileReference; lastKnownFileType = folder.assetcatalog; path = Assets.xcassets; sourceTree = "<group>"; };
		9AC51DD622FCAD4600D01807 /* Base */ = {isa = PBXFileReference; lastKnownFileType = file.storyboard; name = Base; path = Base.lproj/LaunchScreen.storyboard; sourceTree = "<group>"; };
		9AC51DD822FCAD4600D01807 /* Info.plist */ = {isa = PBXFileReference; lastKnownFileType = text.plist.xml; path = Info.plist; sourceTree = "<group>"; };
		9AC51DDD22FCAD4600D01807 /* AppleShortcutsTests.xctest */ = {isa = PBXFileReference; explicitFileType = wrapper.cfbundle; includeInIndex = 0; path = AppleShortcutsTests.xctest; sourceTree = BUILT_PRODUCTS_DIR; };
		9AC51DE122FCAD4600D01807 /* AppleShortcutsTests.swift */ = {isa = PBXFileReference; lastKnownFileType = sourcecode.swift; path = AppleShortcutsTests.swift; sourceTree = "<group>"; };
		9AC51DE322FCAD4600D01807 /* Info.plist */ = {isa = PBXFileReference; lastKnownFileType = text.plist.xml; path = Info.plist; sourceTree = "<group>"; };
		9AC51DEC22FCAD9D00D01807 /* MainCollectionViewCell.swift */ = {isa = PBXFileReference; lastKnownFileType = sourcecode.swift; path = MainCollectionViewCell.swift; sourceTree = "<group>"; };
		9AC51DEE22FCADB500D01807 /* UIColor+Extensions.swift */ = {isa = PBXFileReference; lastKnownFileType = sourcecode.swift; path = "UIColor+Extensions.swift"; sourceTree = "<group>"; };
		9AC51DF022FCADE800D01807 /* UIView+Extension.swift */ = {isa = PBXFileReference; lastKnownFileType = sourcecode.swift; path = "UIView+Extension.swift"; sourceTree = "<group>"; };
/* End PBXFileReference section */

/* Begin PBXFrameworksBuildPhase section */
		9AC51DC622FCAD4400D01807 /* Frameworks */ = {
			isa = PBXFrameworksBuildPhase;
			buildActionMask = 2147483647;
			files = (
			);
			runOnlyForDeploymentPostprocessing = 0;
		};
		9AC51DDA22FCAD4600D01807 /* Frameworks */ = {
			isa = PBXFrameworksBuildPhase;
			buildActionMask = 2147483647;
			files = (
			);
			runOnlyForDeploymentPostprocessing = 0;
		};
/* End PBXFrameworksBuildPhase section */

/* Begin PBXGroup section */
		9AC51DC022FCAD4400D01807 = {
			isa = PBXGroup;
			children = (
				9AC51DCB22FCAD4400D01807 /* AppleShortcuts */,
				9AC51DE022FCAD4600D01807 /* AppleShortcutsTests */,
				9AC51DCA22FCAD4400D01807 /* Products */,
			);
			sourceTree = "<group>";
		};
		9AC51DCA22FCAD4400D01807 /* Products */ = {
			isa = PBXGroup;
			children = (
				9AC51DC922FCAD4400D01807 /* AppleShortcuts.app */,
				9AC51DDD22FCAD4600D01807 /* AppleShortcutsTests.xctest */,
			);
			name = Products;
			sourceTree = "<group>";
		};
		9AC51DCB22FCAD4400D01807 /* AppleShortcuts */ = {
			isa = PBXGroup;
			children = (
				9AC51DF222FCADF100D01807 /* Extensions */,
				9AC51DCC22FCAD4400D01807 /* AppDelegate.swift */,
				9AC51DCE22FCAD4400D01807 /* ViewController.swift */,
				9AC51DEC22FCAD9D00D01807 /* MainCollectionViewCell.swift */,
				9AC51DD022FCAD4400D01807 /* Main.storyboard */,
				9AC51DD322FCAD4600D01807 /* Assets.xcassets */,
				9AC51DD522FCAD4600D01807 /* LaunchScreen.storyboard */,
				9AC51DD822FCAD4600D01807 /* Info.plist */,
			);
			path = AppleShortcuts;
			sourceTree = "<group>";
		};
		9AC51DE022FCAD4600D01807 /* AppleShortcutsTests */ = {
			isa = PBXGroup;
			children = (
				9AC51DE122FCAD4600D01807 /* AppleShortcutsTests.swift */,
				9AC51DE322FCAD4600D01807 /* Info.plist */,
			);
			path = AppleShortcutsTests;
			sourceTree = "<group>";
		};
		9AC51DF222FCADF100D01807 /* Extensions */ = {
			isa = PBXGroup;
			children = (
				9AC51DEE22FCADB500D01807 /* UIColor+Extensions.swift */,
				9AC51DF022FCADE800D01807 /* UIView+Extension.swift */,
			);
			path = Extensions;
			sourceTree = "<group>";
		};
/* End PBXGroup section */

/* Begin PBXNativeTarget section */
		9AC51DC822FCAD4400D01807 /* AppleShortcuts */ = {
			isa = PBXNativeTarget;
			buildConfigurationList = 9AC51DE622FCAD4600D01807 /* Build configuration list for PBXNativeTarget "AppleShortcuts" */;
			buildPhases = (
				9AC51DC522FCAD4400D01807 /* Sources */,
				9AC51DC622FCAD4400D01807 /* Frameworks */,
				9AC51DC722FCAD4400D01807 /* Resources */,
			);
			buildRules = (
			);
			dependencies = (
			);
			name = AppleShortcuts;
			productName = AppleShortcuts;
			productReference = 9AC51DC922FCAD4400D01807 /* AppleShortcuts.app */;
			productType = "com.apple.product-type.application";
		};
		9AC51DDC22FCAD4600D01807 /* AppleShortcutsTests */ = {
			isa = PBXNativeTarget;
			buildConfigurationList = 9AC51DE922FCAD4600D01807 /* Build configuration list for PBXNativeTarget "AppleShortcutsTests" */;
			buildPhases = (
				9AC51DD922FCAD4600D01807 /* Sources */,
				9AC51DDA22FCAD4600D01807 /* Frameworks */,
				9AC51DDB22FCAD4600D01807 /* Resources */,
			);
			buildRules = (
			);
			dependencies = (
				9AC51DDF22FCAD4600D01807 /* PBXTargetDependency */,
			);
			name = AppleShortcutsTests;
			productName = AppleShortcutsTests;
			productReference = 9AC51DDD22FCAD4600D01807 /* AppleShortcutsTests.xctest */;
			productType = "com.apple.product-type.bundle.unit-test";
		};
/* End PBXNativeTarget section */

/* Begin PBXProject section */
		9AC51DC122FCAD4400D01807 /* Project object */ = {
			isa = PBXProject;
			attributes = {
				LastSwiftUpdateCheck = 1030;
				LastUpgradeCheck = 1030;
				ORGANIZATIONNAME = "Hassan El Desouky";
				TargetAttributes = {
					9AC51DC822FCAD4400D01807 = {
						CreatedOnToolsVersion = 10.3;
					};
					9AC51DDC22FCAD4600D01807 = {
						CreatedOnToolsVersion = 10.3;
						TestTargetID = 9AC51DC822FCAD4400D01807;
					};
				};
			};
			buildConfigurationList = 9AC51DC422FCAD4400D01807 /* Build configuration list for PBXProject "AppleShortcuts" */;
			compatibilityVersion = "Xcode 9.3";
			developmentRegion = en;
			hasScannedForEncodings = 0;
			knownRegions = (
				en,
				Base,
			);
			mainGroup = 9AC51DC022FCAD4400D01807;
			productRefGroup = 9AC51DCA22FCAD4400D01807 /* Products */;
			projectDirPath = "";
			projectRoot = "";
			targets = (
				9AC51DC822FCAD4400D01807 /* AppleShortcuts */,
				9AC51DDC22FCAD4600D01807 /* AppleShortcutsTests */,
			);
		};
/* End PBXProject section */

/* Begin PBXResourcesBuildPhase section */
		9AC51DC722FCAD4400D01807 /* Resources */ = {
			isa = PBXResourcesBuildPhase;
			buildActionMask = 2147483647;
			files = (
				9AC51DD722FCAD4600D01807 /* LaunchScreen.storyboard in Resources */,
				9AC51DD422FCAD4600D01807 /* Assets.xcassets in Resources */,
				9AC51DD222FCAD4400D01807 /* Main.storyboard in Resources */,
			);
			runOnlyForDeploymentPostprocessing = 0;
		};
		9AC51DDB22FCAD4600D01807 /* Resources */ = {
			isa = PBXResourcesBuildPhase;
			buildActionMask = 2147483647;
			files = (
			);
			runOnlyForDeploymentPostprocessing = 0;
		};
/* End PBXResourcesBuildPhase section */

/* Begin PBXSourcesBuildPhase section */
		9AC51DC522FCAD4400D01807 /* Sources */ = {
			isa = PBXSourcesBuildPhase;
			buildActionMask = 2147483647;
			files = (
				9AC51DCF22FCAD4400D01807 /* ViewController.swift in Sources */,
				9AC51DED22FCAD9D00D01807 /* MainCollectionViewCell.swift in Sources */,
				9AC51DCD22FCAD4400D01807 /* AppDelegate.swift in Sources */,
				9AC51DF122FCADE800D01807 /* UIView+Extension.swift in Sources */,
				9AC51DEF22FCADB500D01807 /* UIColor+Extensions.swift in Sources */,
			);
			runOnlyForDeploymentPostprocessing = 0;
		};
		9AC51DD922FCAD4600D01807 /* Sources */ = {
			isa = PBXSourcesBuildPhase;
			buildActionMask = 2147483647;
			files = (
				9AC51DE222FCAD4600D01807 /* AppleShortcutsTests.swift in Sources */,
			);
			runOnlyForDeploymentPostprocessing = 0;
		};
/* End PBXSourcesBuildPhase section */

/* Begin PBXTargetDependency section */
		9AC51DDF22FCAD4600D01807 /* PBXTargetDependency */ = {
			isa = PBXTargetDependency;
			target = 9AC51DC822FCAD4400D01807 /* AppleShortcuts */;
			targetProxy = 9AC51DDE22FCAD4600D01807 /* PBXContainerItemProxy */;
		};
/* End PBXTargetDependency section */

/* Begin PBXVariantGroup section */
		9AC51DD022FCAD4400D01807 /* Main.storyboard */ = {
			isa = PBXVariantGroup;
			children = (
				9AC51DD122FCAD4400D01807 /* Base */,
			);
			name = Main.storyboard;
			sourceTree = "<group>";
		};
		9AC51DD522FCAD4600D01807 /* LaunchScreen.storyboard */ = {
			isa = PBXVariantGroup;
			children = (
				9AC51DD622FCAD4600D01807 /* Base */,
			);
			name = LaunchScreen.storyboard;
			sourceTree = "<group>";
		};
/* End PBXVariantGroup section */

/* Begin XCBuildConfiguration section */
		9AC51DE422FCAD4600D01807 /* Debug */ = {
			isa = XCBuildConfiguration;
			buildSettings = {
				ALWAYS_SEARCH_USER_PATHS = NO;
				CLANG_ANALYZER_NONNULL = YES;
				CLANG_ANALYZER_NUMBER_OBJECT_CONVERSION = YES_AGGRESSIVE;
				CLANG_CXX_LANGUAGE_STANDARD = "gnu++14";
				CLANG_CXX_LIBRARY = "libc++";
				CLANG_ENABLE_MODULES = YES;
				CLANG_ENABLE_OBJC_ARC = YES;
				CLANG_ENABLE_OBJC_WEAK = YES;
				CLANG_WARN_BLOCK_CAPTURE_AUTORELEASING = YES;
				CLANG_WARN_BOOL_CONVERSION = YES;
				CLANG_WARN_COMMA = YES;
				CLANG_WARN_CONSTANT_CONVERSION = YES;
				CLANG_WARN_DEPRECATED_OBJC_IMPLEMENTATIONS = YES;
				CLANG_WARN_DIRECT_OBJC_ISA_USAGE = YES_ERROR;
				CLANG_WARN_DOCUMENTATION_COMMENTS = YES;
				CLANG_WARN_EMPTY_BODY = YES;
				CLANG_WARN_ENUM_CONVERSION = YES;
				CLANG_WARN_INFINITE_RECURSION = YES;
				CLANG_WARN_INT_CONVERSION = YES;
				CLANG_WARN_NON_LITERAL_NULL_CONVERSION = YES;
				CLANG_WARN_OBJC_IMPLICIT_RETAIN_SELF = YES;
				CLANG_WARN_OBJC_LITERAL_CONVERSION = YES;
				CLANG_WARN_OBJC_ROOT_CLASS = YES_ERROR;
				CLANG_WARN_RANGE_LOOP_ANALYSIS = YES;
				CLANG_WARN_STRICT_PROTOTYPES = YES;
				CLANG_WARN_SUSPICIOUS_MOVE = YES;
				CLANG_WARN_UNGUARDED_AVAILABILITY = YES_AGGRESSIVE;
				CLANG_WARN_UNREACHABLE_CODE = YES;
				CLANG_WARN__DUPLICATE_METHOD_MATCH = YES;
				CODE_SIGN_IDENTITY = "iPhone Developer";
				COPY_PHASE_STRIP = NO;
				DEBUG_INFORMATION_FORMAT = dwarf;
				ENABLE_STRICT_OBJC_MSGSEND = YES;
				ENABLE_TESTABILITY = YES;
				GCC_C_LANGUAGE_STANDARD = gnu11;
				GCC_DYNAMIC_NO_PIC = NO;
				GCC_NO_COMMON_BLOCKS = YES;
				GCC_OPTIMIZATION_LEVEL = 0;
				GCC_PREPROCESSOR_DEFINITIONS = (
					"DEBUG=1",
					"$(inherited)",
				);
				GCC_WARN_64_TO_32_BIT_CONVERSION = YES;
				GCC_WARN_ABOUT_RETURN_TYPE = YES_ERROR;
				GCC_WARN_UNDECLARED_SELECTOR = YES;
				GCC_WARN_UNINITIALIZED_AUTOS = YES_AGGRESSIVE;
				GCC_WARN_UNUSED_FUNCTION = YES;
				GCC_WARN_UNUSED_VARIABLE = YES;
				IPHONEOS_DEPLOYMENT_TARGET = 12.4;
				MTL_ENABLE_DEBUG_INFO = INCLUDE_SOURCE;
				MTL_FAST_MATH = YES;
				ONLY_ACTIVE_ARCH = YES;
				SDKROOT = iphoneos;
				SWIFT_ACTIVE_COMPILATION_CONDITIONS = DEBUG;
				SWIFT_OPTIMIZATION_LEVEL = "-Onone";
			};
			name = Debug;
		};
		9AC51DE522FCAD4600D01807 /* Release */ = {
			isa = XCBuildConfiguration;
			buildSettings = {
				ALWAYS_SEARCH_USER_PATHS = NO;
				CLANG_ANALYZER_NONNULL = YES;
				CLANG_ANALYZER_NUMBER_OBJECT_CONVERSION = YES_AGGRESSIVE;
				CLANG_CXX_LANGUAGE_STANDARD = "gnu++14";
				CLANG_CXX_LIBRARY = "libc++";
				CLANG_ENABLE_MODULES = YES;
				CLANG_ENABLE_OBJC_ARC = YES;
				CLANG_ENABLE_OBJC_WEAK = YES;
				CLANG_WARN_BLOCK_CAPTURE_AUTORELEASING = YES;
				CLANG_WARN_BOOL_CONVERSION = YES;
				CLANG_WARN_COMMA = YES;
				CLANG_WARN_CONSTANT_CONVERSION = YES;
				CLANG_WARN_DEPRECATED_OBJC_IMPLEMENTATIONS = YES;
				CLANG_WARN_DIRECT_OBJC_ISA_USAGE = YES_ERROR;
				CLANG_WARN_DOCUMENTATION_COMMENTS = YES;
				CLANG_WARN_EMPTY_BODY = YES;
				CLANG_WARN_ENUM_CONVERSION = YES;
				CLANG_WARN_INFINITE_RECURSION = YES;
				CLANG_WARN_INT_CONVERSION = YES;
				CLANG_WARN_NON_LITERAL_NULL_CONVERSION = YES;
				CLANG_WARN_OBJC_IMPLICIT_RETAIN_SELF = YES;
				CLANG_WARN_OBJC_LITERAL_CONVERSION = YES;
				CLANG_WARN_OBJC_ROOT_CLASS = YES_ERROR;
				CLANG_WARN_RANGE_LOOP_ANALYSIS = YES;
				CLANG_WARN_STRICT_PROTOTYPES = YES;
				CLANG_WARN_SUSPICIOUS_MOVE = YES;
				CLANG_WARN_UNGUARDED_AVAILABILITY = YES_AGGRESSIVE;
				CLANG_WARN_UNREACHABLE_CODE = YES;
				CLANG_WARN__DUPLICATE_METHOD_MATCH = YES;
				CODE_SIGN_IDENTITY = "iPhone Developer";
				COPY_PHASE_STRIP = NO;
				DEBUG_INFORMATION_FORMAT = "dwarf-with-dsym";
				ENABLE_NS_ASSERTIONS = NO;
				ENABLE_STRICT_OBJC_MSGSEND = YES;
				GCC_C_LANGUAGE_STANDARD = gnu11;
				GCC_NO_COMMON_BLOCKS = YES;
				GCC_WARN_64_TO_32_BIT_CONVERSION = YES;
				GCC_WARN_ABOUT_RETURN_TYPE = YES_ERROR;
				GCC_WARN_UNDECLARED_SELECTOR = YES;
				GCC_WARN_UNINITIALIZED_AUTOS = YES_AGGRESSIVE;
				GCC_WARN_UNUSED_FUNCTION = YES;
				GCC_WARN_UNUSED_VARIABLE = YES;
				IPHONEOS_DEPLOYMENT_TARGET = 12.4;
				MTL_ENABLE_DEBUG_INFO = NO;
				MTL_FAST_MATH = YES;
				SDKROOT = iphoneos;
				SWIFT_COMPILATION_MODE = wholemodule;
				SWIFT_OPTIMIZATION_LEVEL = "-O";
				VALIDATE_PRODUCT = YES;
			};
			name = Release;
		};
		9AC51DE722FCAD4600D01807 /* Debug */ = {
			isa = XCBuildConfiguration;
			buildSettings = {
				ASSETCATALOG_COMPILER_APPICON_NAME = AppIcon;
				CODE_SIGN_STYLE = Automatic;
				DEVELOPMENT_TEAM = UC8UZFR7L3;
				INFOPLIST_FILE = AppleShortcuts/Info.plist;
				LD_RUNPATH_SEARCH_PATHS = (
					"$(inherited)",
					"@executable_path/Frameworks",
				);
				PRODUCT_BUNDLE_IDENTIFIER = com.heldesouky.AppleShortcuts;
				PRODUCT_NAME = "$(TARGET_NAME)";
				SWIFT_VERSION = 5.0;
				TARGETED_DEVICE_FAMILY = "1,2";
			};
			name = Debug;
		};
		9AC51DE822FCAD4600D01807 /* Release */ = {
			isa = XCBuildConfiguration;
			buildSettings = {
				ASSETCATALOG_COMPILER_APPICON_NAME = AppIcon;
				CODE_SIGN_STYLE = Automatic;
				DEVELOPMENT_TEAM = UC8UZFR7L3;
				INFOPLIST_FILE = AppleShortcuts/Info.plist;
				LD_RUNPATH_SEARCH_PATHS = (
					"$(inherited)",
					"@executable_path/Frameworks",
				);
				PRODUCT_BUNDLE_IDENTIFIER = com.heldesouky.AppleShortcuts;
				PRODUCT_NAME = "$(TARGET_NAME)";
				SWIFT_VERSION = 5.0;
				TARGETED_DEVICE_FAMILY = "1,2";
			};
			name = Release;
		};
		9AC51DEA22FCAD4600D01807 /* Debug */ = {
			isa = XCBuildConfiguration;
			buildSettings = {
				ALWAYS_EMBED_SWIFT_STANDARD_LIBRARIES = YES;
				BUNDLE_LOADER = "$(TEST_HOST)";
				CODE_SIGN_STYLE = Automatic;
				DEVELOPMENT_TEAM = UC8UZFR7L3;
				INFOPLIST_FILE = AppleShortcutsTests/Info.plist;
				LD_RUNPATH_SEARCH_PATHS = (
					"$(inherited)",
					"@executable_path/Frameworks",
					"@loader_path/Frameworks",
				);
				PRODUCT_BUNDLE_IDENTIFIER = com.heldesouky.AppleShortcutsTests;
				PRODUCT_NAME = "$(TARGET_NAME)";
				SWIFT_VERSION = 5.0;
				TARGETED_DEVICE_FAMILY = "1,2";
				TEST_HOST = "$(BUILT_PRODUCTS_DIR)/AppleShortcuts.app/AppleShortcuts";
			};
			name = Debug;
		};
		9AC51DEB22FCAD4600D01807 /* Release */ = {
			isa = XCBuildConfiguration;
			buildSettings = {
				ALWAYS_EMBED_SWIFT_STANDARD_LIBRARIES = YES;
				BUNDLE_LOADER = "$(TEST_HOST)";
				CODE_SIGN_STYLE = Automatic;
				DEVELOPMENT_TEAM = UC8UZFR7L3;
				INFOPLIST_FILE = AppleShortcutsTests/Info.plist;
				LD_RUNPATH_SEARCH_PATHS = (
					"$(inherited)",
					"@executable_path/Frameworks",
					"@loader_path/Frameworks",
				);
				PRODUCT_BUNDLE_IDENTIFIER = com.heldesouky.AppleShortcutsTests;
				PRODUCT_NAME = "$(TARGET_NAME)";
				SWIFT_VERSION = 5.0;
				TARGETED_DEVICE_FAMILY = "1,2";
				TEST_HOST = "$(BUILT_PRODUCTS_DIR)/AppleShortcuts.app/AppleShortcuts";
			};
			name = Release;
		};
/* End XCBuildConfiguration section */

/* Begin XCConfigurationList section */
		9AC51DC422FCAD4400D01807 /* Build configuration list for PBXProject "AppleShortcuts" */ = {
			isa = XCConfigurationList;
			buildConfigurations = (
				9AC51DE422FCAD4600D01807 /* Debug */,
				9AC51DE522FCAD4600D01807 /* Release */,
			);
			defaultConfigurationIsVisible = 0;
			defaultConfigurationName = Release;
		};
		9AC51DE622FCAD4600D01807 /* Build configuration list for PBXNativeTarget "AppleShortcuts" */ = {
			isa = XCConfigurationList;
			buildConfigurations = (
				9AC51DE722FCAD4600D01807 /* Debug */,
				9AC51DE822FCAD4600D01807 /* Release */,
			);
			defaultConfigurationIsVisible = 0;
			defaultConfigurationName = Release;
		};
		9AC51DE922FCAD4600D01807 /* Build configuration list for PBXNativeTarget "AppleShortcutsTests" */ = {
			isa = XCConfigurationList;
			buildConfigurations = (
				9AC51DEA22FCAD4600D01807 /* Debug */,
				9AC51DEB22FCAD4600D01807 /* Release */,
			);
			defaultConfigurationIsVisible = 0;
			defaultConfigurationName = Release;
		};
/* End XCConfigurationList section */
	};
	rootObject = 9AC51DC122FCAD4400D01807 /* Project object */;
}
